
Microsoft Visual Studio Solution File, Format Version 12.00
# Visual Studio Version 16
VisualStudioVersion = 16.0.31911.196
MinimumVisualStudioVersion = 10.0.40219.1
Project("{FAE04EC0-301F-11D3-BF4B-00C04F79EFBC}") = "Do_an_web_Laptop", "Do_an_web_Laptop\Do_an_web_Laptop.csproj", "{06695126-B5B5-4022-873B-43D9A09E1C38}"
EndProject
Global
	GlobalSection(SolutionConfigurationPlatforms) = preSolution
		Debug|Any CPU = Debug|Any CPU
		Release|Any CPU = Release|Any CPU
	EndGlobalSection
	GlobalSection(ProjectConfigurationPlatforms) = postSolution
		{06695126-B5B5-4022-873B-43D9A09E1C38}.Debug|Any CPU.ActiveCfg = Debug|Any CPU
		{06695126-B5B5-4022-873B-43D9A09E1C38}.Debug|Any CPU.Build.0 = Debug|Any CPU
		{06695126-B5B5-4022-873B-43D9A09E1C38}.Release|Any CPU.ActiveCfg = Release|Any CPU
		{06695126-B5B5-4022-873B-43D9A09E1C38}.Release|Any CPU.Build.0 = Release|Any CPU
	EndGlobalSection
	GlobalSection(SolutionProperties) = preSolution
		HideSolutionNode = FALSE
	EndGlobalSection
	GlobalSection(ExtensibilityGlobals) = postSolution
		SolutionGuid = {83BA8D7C-14E9-49E5-91D1-37D462908BD0}
	EndGlobalSection
EndGlobal
